<?xml version="1.0" encoding="utf-8"?>
<Project ToolsVersion="4.0" xmlns="http://schemas.microsoft.com/developer/msbuild/2003">
  <ItemGroup>
    <ClCompile Include="src\util\Camera.cpp" />
    <ClCompile Include="src\util\IndexBuffer.cpp" />
    <ClCompile Include="src\util\Shader.cpp" />
    <ClCompile Include="src\util\VertexArray.cpp" />
    <ClCompile Include="src\util\VertexBuffer.cpp" />
    <ClCompile Include="src\glad.c" />
    <ClCompile Include="src\Main.cpp" />
  </ItemGroup>
  <ItemGroup>
    <ClInclude Include="src\util\Camera.h" />
    <ClInclude Include="src\util\IndexBuffer.h" />
    <ClInclude Include="src\util\Shader.h" />
    <ClInclude Include="src\util\VertexArray.h" />
    <ClInclude Include="src\util\VertexBuffer.h" />
  </ItemGroup>
  <ItemGroup>
    <None Include="src\shaders\BasicFragmentShader.frag" />
    <None Include="src\shaders\BasicVertexShader.vert" />
  </ItemGroup>
</Project>